# This file is automatically @generated by Cargo.
# It is not intended for manual editing.
version = 4

[[package]]
name = "vyges-loom"
version = "0.0.1"

[[package]]
name = "vyges-sta-si"
version = "0.0.1"
dependencies = [
 "vyges-loom",
]

[[package]]
name = "vyges-vt-swap"
version = "0.0.1"
dependencies = [
 "vyges-sta-si",
]
